
Microsoft Visual Studio Solution File, Format Version 12.00
# Visual Studio Version 17
VisualStudioVersion = 17.2.32516.85
MinimumVisualStudioVersion = 10.0.40219.1
Project("{FAE04EC0-301F-11D3-BF4B-00C04F79EFBC}") = "Gaussian Lens Formula Calculator", "Gaussian Lens Formula Calculator.csproj", "{29ACC08C-975A-4B60-815B-087BDC1F527E}"
EndProject
Global
	GlobalSection(SolutionConfigurationPlatforms) = preSolution
		Debug|Any CPU = Debug|Any CPU
		Release|Any CPU = Release|Any CPU
	EndGlobalSection
	GlobalSection(ProjectConfigurationPlatforms) = postSolution
		{29ACC08C-975A-4B60-815B-087BDC1F527E}.Debug|Any CPU.ActiveCfg = Debug|Any CPU
		{29ACC08C-975A-4B60-815B-087BDC1F527E}.Debug|Any CPU.Build.0 = Debug|Any CPU
		{29ACC08C-975A-4B60-815B-087BDC1F527E}.Release|Any CPU.ActiveCfg = Release|Any CPU
		{29ACC08C-975A-4B60-815B-087BDC1F527E}.Release|Any CPU.Build.0 = Release|Any CPU
	EndGlobalSection
	GlobalSection(SolutionProperties) = preSolution
		HideSolutionNode = FALSE
	EndGlobalSection
	GlobalSection(ExtensibilityGlobals) = postSolution
		SolutionGuid = {62E9543F-43AF-420A-8F09-A723541EA3C0}
	EndGlobalSection
EndGlobal
